
Microsoft Visual Studio Solution File, Format Version 12.00
# Visual Studio Version 16
VisualStudioVersion = 16.0.28803.352
MinimumVisualStudioVersion = 10.0.40219.1
Project("{FAE04EC0-301F-11D3-BF4B-00C04F79EFBC}") = "MKNative.iOS", "MKNative.iOS\MKNative.iOS.csproj", "{D5D1F88C-E62C-4FBD-BC79-79969848C0EC}"
EndProject
Project("{9A19103F-16F7-4668-BE54-9A1E7A4F7556}") = "MKNative.Core", "MKNative.Core\MKNative.Core.csproj", "{32E9E772-A824-4672-9E59-6B90F204C2F0}"
EndProject
Project("{FAE04EC0-301F-11D3-BF4B-00C04F79EFBC}") = "MKNative.Droid", "MKNative.Droid\MKNative.Droid.csproj", "{F2D92769-6F84-4413-B0CE-8F0A32BDF682}"
EndProject
Global
	GlobalSection(SolutionConfigurationPlatforms) = preSolution
		Debug|Any CPU = Debug|Any CPU
		Debug|iPhone = Debug|iPhone
		Debug|iPhoneSimulator = Debug|iPhoneSimulator
		Release|Any CPU = Release|Any CPU
		Release|iPhone = Release|iPhone
		Release|iPhoneSimulator = Release|iPhoneSimulator
	EndGlobalSection
	GlobalSection(ProjectConfigurationPlatforms) = postSolution
		{D5D1F88C-E62C-4FBD-BC79-79969848C0EC}.Debug|Any CPU.ActiveCfg = Debug|iPhone
		{D5D1F88C-E62C-4FBD-BC79-79969848C0EC}.Debug|iPhone.ActiveCfg = Debug|iPhone
		{D5D1F88C-E62C-4FBD-BC79-79969848C0EC}.Debug|iPhone.Build.0 = Debug|iPhone
		{D5D1F88C-E62C-4FBD-BC79-79969848C0EC}.Debug|iPhone.Deploy.0 = Debug|iPhone
		{D5D1F88C-E62C-4FBD-BC79-79969848C0EC}.Debug|iPhoneSimulator.ActiveCfg = Debug|iPhoneSimulator
		{D5D1F88C-E62C-4FBD-BC79-79969848C0EC}.Debug|iPhoneSimulator.Build.0 = Debug|iPhoneSimulator
		{D5D1F88C-E62C-4FBD-BC79-79969848C0EC}.Debug|iPhoneSimulator.Deploy.0 = Debug|iPhoneSimulator
		{D5D1F88C-E62C-4FBD-BC79-79969848C0EC}.Release|Any CPU.ActiveCfg = Release|iPhone
		{D5D1F88C-E62C-4FBD-BC79-79969848C0EC}.Release|iPhone.ActiveCfg = Release|iPhone
		{D5D1F88C-E62C-4FBD-BC79-79969848C0EC}.Release|iPhone.Build.0 = Release|iPhone
		{D5D1F88C-E62C-4FBD-BC79-79969848C0EC}.Release|iPhone.Deploy.0 = Release|iPhone
		{D5D1F88C-E62C-4FBD-BC79-79969848C0EC}.Release|iPhoneSimulator.ActiveCfg = Release|iPhoneSimulator
		{D5D1F88C-E62C-4FBD-BC79-79969848C0EC}.Release|iPhoneSimulator.Build.0 = Release|iPhoneSimulator
		{D5D1F88C-E62C-4FBD-BC79-79969848C0EC}.Release|iPhoneSimulator.Deploy.0 = Release|iPhoneSimulator
		{32E9E772-A824-4672-9E59-6B90F204C2F0}.Debug|Any CPU.ActiveCfg = Debug|Any CPU
		{32E9E772-A824-4672-9E59-6B90F204C2F0}.Debug|Any CPU.Build.0 = Debug|Any CPU
		{32E9E772-A824-4672-9E59-6B90F204C2F0}.Debug|iPhone.ActiveCfg = Debug|Any CPU
		{32E9E772-A824-4672-9E59-6B90F204C2F0}.Debug|iPhone.Build.0 = Debug|Any CPU
		{32E9E772-A824-4672-9E59-6B90F204C2F0}.Debug|iPhoneSimulator.ActiveCfg = Debug|Any CPU
		{32E9E772-A824-4672-9E59-6B90F204C2F0}.Debug|iPhoneSimulator.Build.0 = Debug|Any CPU
		{32E9E772-A824-4672-9E59-6B90F204C2F0}.Release|Any CPU.ActiveCfg = Release|Any CPU
		{32E9E772-A824-4672-9E59-6B90F204C2F0}.Release|Any CPU.Build.0 = Release|Any CPU
		{32E9E772-A824-4672-9E59-6B90F204C2F0}.Release|iPhone.ActiveCfg = Release|Any CPU
		{32E9E772-A824-4672-9E59-6B90F204C2F0}.Release|iPhone.Build.0 = Release|Any CPU
		{32E9E772-A824-4672-9E59-6B90F204C2F0}.Release|iPhoneSimulator.ActiveCfg = Release|Any CPU
		{32E9E772-A824-4672-9E59-6B90F204C2F0}.Release|iPhoneSimulator.Build.0 = Release|Any CPU
		{F2D92769-6F84-4413-B0CE-8F0A32BDF682}.Debug|Any CPU.ActiveCfg = Debug|Any CPU
		{F2D92769-6F84-4413-B0CE-8F0A32BDF682}.Debug|Any CPU.Build.0 = Debug|Any CPU
		{F2D92769-6F84-4413-B0CE-8F0A32BDF682}.Debug|Any CPU.Deploy.0 = Debug|Any CPU
		{F2D92769-6F84-4413-B0CE-8F0A32BDF682}.Debug|iPhone.ActiveCfg = Debug|Any CPU
		{F2D92769-6F84-4413-B0CE-8F0A32BDF682}.Debug|iPhone.Build.0 = Debug|Any CPU
		{F2D92769-6F84-4413-B0CE-8F0A32BDF682}.Debug|iPhone.Deploy.0 = Debug|Any CPU
		{F2D92769-6F84-4413-B0CE-8F0A32BDF682}.Debug|iPhoneSimulator.ActiveCfg = Debug|Any CPU
		{F2D92769-6F84-4413-B0CE-8F0A32BDF682}.Debug|iPhoneSimulator.Build.0 = Debug|Any CPU
		{F2D92769-6F84-4413-B0CE-8F0A32BDF682}.Debug|iPhoneSimulator.Deploy.0 = Debug|Any CPU
		{F2D92769-6F84-4413-B0CE-8F0A32BDF682}.Release|Any CPU.ActiveCfg = Release|Any CPU
		{F2D92769-6F84-4413-B0CE-8F0A32BDF682}.Release|Any CPU.Build.0 = Release|Any CPU
		{F2D92769-6F84-4413-B0CE-8F0A32BDF682}.Release|Any CPU.Deploy.0 = Release|Any CPU
		{F2D92769-6F84-4413-B0CE-8F0A32BDF682}.Release|iPhone.ActiveCfg = Release|Any CPU
		{F2D92769-6F84-4413-B0CE-8F0A32BDF682}.Release|iPhone.Build.0 = Release|Any CPU
		{F2D92769-6F84-4413-B0CE-8F0A32BDF682}.Release|iPhone.Deploy.0 = Release|Any CPU
		{F2D92769-6F84-4413-B0CE-8F0A32BDF682}.Release|iPhoneSimulator.ActiveCfg = Release|Any CPU
		{F2D92769-6F84-4413-B0CE-8F0A32BDF682}.Release|iPhoneSimulator.Build.0 = Release|Any CPU
		{F2D92769-6F84-4413-B0CE-8F0A32BDF682}.Release|iPhoneSimulator.Deploy.0 = Release|Any CPU
	EndGlobalSection
	GlobalSection(SolutionProperties) = preSolution
		HideSolutionNode = FALSE
	EndGlobalSection
	GlobalSection(ExtensibilityGlobals) = postSolution
		SolutionGuid = {3F9F1AC1-5822-4D80-9906-C4102B400EAC}
	EndGlobalSection
EndGlobal
