
Microsoft Visual Studio Solution File, Format Version 12.00
# Visual Studio 15
VisualStudioVersion = 15.0.26730.10
MinimumVisualStudioVersion = 10.0.40219.1

Project("{6EC3EE1D-3C4E-46DD-8F32-0CC8E7565705}") = "MKFabulous", "MKFabulous\MKFabulous.fsproj", "{C49DA656-9393-4638-A365-269016129465}"
EndProject

Project("{F2A71F9B-5D33-465A-A702-920D77279786}") = "MKFabulous.Android", "MKFabulous.Android\MKFabulous.Android.fsproj", "{875581A4-3F08-4FBC-B6D2-0B87FD9D6638}"
EndProject


Project("{F2A71F9B-5D33-465A-A702-920D77279786}") = "MKFabulous.iOS", "MKFabulous.iOS\MKFabulous.iOS.fsproj", "{CC8960D0-68E5-416E-B565-8C41EE23DA8B}"
EndProject




Global
	GlobalSection(SolutionConfigurationPlatforms) = preSolution
		Ad-Hoc|Any CPU = Ad-Hoc|Any CPU
		Ad-Hoc|ARM = Ad-Hoc|ARM
		Ad-Hoc|iPhone = Ad-Hoc|iPhone
		Ad-Hoc|iPhoneSimulator = Ad-Hoc|iPhoneSimulator
		Ad-Hoc|x64 = Ad-Hoc|x64
		Ad-Hoc|x86 = Ad-Hoc|x86
		AppStore|Any CPU = AppStore|Any CPU
		AppStore|ARM = AppStore|ARM
		AppStore|iPhone = AppStore|iPhone
		AppStore|iPhoneSimulator = AppStore|iPhoneSimulator
		AppStore|x64 = AppStore|x64
		AppStore|x86 = AppStore|x86
		Debug|Any CPU = Debug|Any CPU
		Debug|ARM = Debug|ARM
		Debug|iPhone = Debug|iPhone
		Debug|iPhoneSimulator = Debug|iPhoneSimulator
		Debug|x64 = Debug|x64
		Debug|x86 = Debug|x86
		Release|Any CPU = Release|Any CPU
		Release|ARM = Release|ARM
		Release|iPhone = Release|iPhone
		Release|iPhoneSimulator = Release|iPhoneSimulator
		Release|x64 = Release|x64
		Release|x86 = Release|x86
	EndGlobalSection
	GlobalSection(ProjectConfigurationPlatforms) = postSolution
		{C49DA656-9393-4638-A365-269016129465}.Ad-Hoc|Any CPU.ActiveCfg = Debug|Any CPU
		{C49DA656-9393-4638-A365-269016129465}.Ad-Hoc|Any CPU.Build.0 = Debug|Any CPU
		{C49DA656-9393-4638-A365-269016129465}.Ad-Hoc|ARM.ActiveCfg = Debug|Any CPU
		{C49DA656-9393-4638-A365-269016129465}.Ad-Hoc|ARM.Build.0 = Debug|Any CPU
		{C49DA656-9393-4638-A365-269016129465}.Ad-Hoc|iPhone.ActiveCfg = Debug|Any CPU
		{C49DA656-9393-4638-A365-269016129465}.Ad-Hoc|iPhone.Build.0 = Debug|Any CPU
		{C49DA656-9393-4638-A365-269016129465}.Ad-Hoc|iPhoneSimulator.ActiveCfg = Debug|Any CPU
		{C49DA656-9393-4638-A365-269016129465}.Ad-Hoc|iPhoneSimulator.Build.0 = Debug|Any CPU
		{C49DA656-9393-4638-A365-269016129465}.Ad-Hoc|x64.ActiveCfg = Debug|Any CPU
		{C49DA656-9393-4638-A365-269016129465}.Ad-Hoc|x64.Build.0 = Debug|Any CPU
		{C49DA656-9393-4638-A365-269016129465}.Ad-Hoc|x86.ActiveCfg = Debug|Any CPU
		{C49DA656-9393-4638-A365-269016129465}.Ad-Hoc|x86.Build.0 = Debug|Any CPU
		{C49DA656-9393-4638-A365-269016129465}.AppStore|Any CPU.ActiveCfg = Debug|Any CPU
		{C49DA656-9393-4638-A365-269016129465}.AppStore|Any CPU.Build.0 = Debug|Any CPU
		{C49DA656-9393-4638-A365-269016129465}.AppStore|ARM.ActiveCfg = Debug|Any CPU
		{C49DA656-9393-4638-A365-269016129465}.AppStore|ARM.Build.0 = Debug|Any CPU
		{C49DA656-9393-4638-A365-269016129465}.AppStore|iPhone.ActiveCfg = Debug|Any CPU
		{C49DA656-9393-4638-A365-269016129465}.AppStore|iPhone.Build.0 = Debug|Any CPU
		{C49DA656-9393-4638-A365-269016129465}.AppStore|iPhoneSimulator.ActiveCfg = Debug|Any CPU
		{C49DA656-9393-4638-A365-269016129465}.AppStore|iPhoneSimulator.Build.0 = Debug|Any CPU
		{C49DA656-9393-4638-A365-269016129465}.AppStore|x64.ActiveCfg = Debug|Any CPU
		{C49DA656-9393-4638-A365-269016129465}.AppStore|x64.Build.0 = Debug|Any CPU
		{C49DA656-9393-4638-A365-269016129465}.AppStore|x86.ActiveCfg = Debug|Any CPU
		{C49DA656-9393-4638-A365-269016129465}.AppStore|x86.Build.0 = Debug|Any CPU
		{C49DA656-9393-4638-A365-269016129465}.Debug|Any CPU.ActiveCfg = Debug|Any CPU
		{C49DA656-9393-4638-A365-269016129465}.Debug|Any CPU.Build.0 = Debug|Any CPU
		{C49DA656-9393-4638-A365-269016129465}.Debug|ARM.ActiveCfg = Debug|Any CPU
		{C49DA656-9393-4638-A365-269016129465}.Debug|ARM.Build.0 = Debug|Any CPU
		{C49DA656-9393-4638-A365-269016129465}.Debug|iPhone.ActiveCfg = Debug|Any CPU
		{C49DA656-9393-4638-A365-269016129465}.Debug|iPhone.Build.0 = Debug|Any CPU
		{C49DA656-9393-4638-A365-269016129465}.Debug|iPhoneSimulator.ActiveCfg = Debug|Any CPU
		{C49DA656-9393-4638-A365-269016129465}.Debug|iPhoneSimulator.Build.0 = Debug|Any CPU
		{C49DA656-9393-4638-A365-269016129465}.Debug|x64.ActiveCfg = Debug|Any CPU
		{C49DA656-9393-4638-A365-269016129465}.Debug|x64.Build.0 = Debug|Any CPU
		{C49DA656-9393-4638-A365-269016129465}.Debug|x86.ActiveCfg = Debug|Any CPU
		{C49DA656-9393-4638-A365-269016129465}.Debug|x86.Build.0 = Debug|Any CPU
		{C49DA656-9393-4638-A365-269016129465}.Release|Any CPU.ActiveCfg = Release|Any CPU
		{C49DA656-9393-4638-A365-269016129465}.Release|Any CPU.Build.0 = Release|Any CPU
		{C49DA656-9393-4638-A365-269016129465}.Release|ARM.ActiveCfg = Release|Any CPU
		{C49DA656-9393-4638-A365-269016129465}.Release|ARM.Build.0 = Release|Any CPU
		{C49DA656-9393-4638-A365-269016129465}.Release|iPhone.ActiveCfg = Release|Any CPU
		{C49DA656-9393-4638-A365-269016129465}.Release|iPhone.Build.0 = Release|Any CPU
		{C49DA656-9393-4638-A365-269016129465}.Release|iPhoneSimulator.ActiveCfg = Release|Any CPU
		{C49DA656-9393-4638-A365-269016129465}.Release|iPhoneSimulator.Build.0 = Release|Any CPU
		{C49DA656-9393-4638-A365-269016129465}.Release|x64.ActiveCfg = Release|Any CPU
		{C49DA656-9393-4638-A365-269016129465}.Release|x64.Build.0 = Release|Any CPU
		{C49DA656-9393-4638-A365-269016129465}.Release|x86.ActiveCfg = Release|Any CPU
		{C49DA656-9393-4638-A365-269016129465}.Release|x86.Build.0 = Release|Any CPU
		{CC8960D0-68E5-416E-B565-8C41EE23DA8B}.Ad-Hoc|Any CPU.ActiveCfg = Ad-Hoc|iPhone
		{CC8960D0-68E5-416E-B565-8C41EE23DA8B}.Ad-Hoc|ARM.ActiveCfg = Ad-Hoc|iPhone
		{CC8960D0-68E5-416E-B565-8C41EE23DA8B}.Ad-Hoc|iPhone.ActiveCfg = Ad-Hoc|iPhone
		{CC8960D0-68E5-416E-B565-8C41EE23DA8B}.Ad-Hoc|iPhone.Build.0 = Ad-Hoc|iPhone
		{CC8960D0-68E5-416E-B565-8C41EE23DA8B}.Ad-Hoc|iPhoneSimulator.ActiveCfg = Ad-Hoc|iPhoneSimulator
		{CC8960D0-68E5-416E-B565-8C41EE23DA8B}.Ad-Hoc|iPhoneSimulator.Build.0 = Ad-Hoc|iPhoneSimulator
		{CC8960D0-68E5-416E-B565-8C41EE23DA8B}.Ad-Hoc|x64.ActiveCfg = Ad-Hoc|iPhone
		{CC8960D0-68E5-416E-B565-8C41EE23DA8B}.Ad-Hoc|x86.ActiveCfg = Ad-Hoc|iPhone
		{CC8960D0-68E5-416E-B565-8C41EE23DA8B}.AppStore|Any CPU.ActiveCfg = AppStore|iPhone
		{CC8960D0-68E5-416E-B565-8C41EE23DA8B}.AppStore|ARM.ActiveCfg = AppStore|iPhone
		{CC8960D0-68E5-416E-B565-8C41EE23DA8B}.AppStore|iPhone.ActiveCfg = AppStore|iPhone
		{CC8960D0-68E5-416E-B565-8C41EE23DA8B}.AppStore|iPhone.Build.0 = AppStore|iPhone
		{CC8960D0-68E5-416E-B565-8C41EE23DA8B}.AppStore|iPhoneSimulator.ActiveCfg = AppStore|iPhoneSimulator
		{CC8960D0-68E5-416E-B565-8C41EE23DA8B}.AppStore|iPhoneSimulator.Build.0 = AppStore|iPhoneSimulator
		{CC8960D0-68E5-416E-B565-8C41EE23DA8B}.AppStore|x64.ActiveCfg = AppStore|iPhone
		{CC8960D0-68E5-416E-B565-8C41EE23DA8B}.AppStore|x86.ActiveCfg = AppStore|iPhone
		{CC8960D0-68E5-416E-B565-8C41EE23DA8B}.Debug|Any CPU.ActiveCfg = Debug|iPhone
		{CC8960D0-68E5-416E-B565-8C41EE23DA8B}.Debug|ARM.ActiveCfg = Debug|iPhone
		{CC8960D0-68E5-416E-B565-8C41EE23DA8B}.Debug|iPhone.ActiveCfg = Debug|iPhone
		{CC8960D0-68E5-416E-B565-8C41EE23DA8B}.Debug|iPhone.Build.0 = Debug|iPhone
		{CC8960D0-68E5-416E-B565-8C41EE23DA8B}.Debug|iPhoneSimulator.ActiveCfg = Debug|iPhoneSimulator
		{CC8960D0-68E5-416E-B565-8C41EE23DA8B}.Debug|iPhoneSimulator.Build.0 = Debug|iPhoneSimulator
		{CC8960D0-68E5-416E-B565-8C41EE23DA8B}.Debug|x64.ActiveCfg = Debug|iPhone
		{CC8960D0-68E5-416E-B565-8C41EE23DA8B}.Debug|x86.ActiveCfg = Debug|iPhone
		{CC8960D0-68E5-416E-B565-8C41EE23DA8B}.Release|Any CPU.ActiveCfg = Release|iPhone
		{CC8960D0-68E5-416E-B565-8C41EE23DA8B}.Release|ARM.ActiveCfg = Release|iPhone
		{CC8960D0-68E5-416E-B565-8C41EE23DA8B}.Release|iPhone.ActiveCfg = Release|iPhone
		{CC8960D0-68E5-416E-B565-8C41EE23DA8B}.Release|iPhone.Build.0 = Release|iPhone
		{CC8960D0-68E5-416E-B565-8C41EE23DA8B}.Release|iPhoneSimulator.ActiveCfg = Release|iPhoneSimulator
		{CC8960D0-68E5-416E-B565-8C41EE23DA8B}.Release|iPhoneSimulator.Build.0 = Release|iPhoneSimulator
		{CC8960D0-68E5-416E-B565-8C41EE23DA8B}.Release|x64.ActiveCfg = Release|iPhone
		{CC8960D0-68E5-416E-B565-8C41EE23DA8B}.Release|x86.ActiveCfg = Release|iPhone
		{80675119-4595-4569-A8A4-15BF9068E685}.Ad-Hoc|Any CPU.ActiveCfg = Release|x86
		{80675119-4595-4569-A8A4-15BF9068E685}.Ad-Hoc|Any CPU.Build.0 = Release|x86
		{80675119-4595-4569-A8A4-15BF9068E685}.Ad-Hoc|Any CPU.Deploy.0 = Release|x86
		{80675119-4595-4569-A8A4-15BF9068E685}.Ad-Hoc|ARM.ActiveCfg = Release|ARM
		{80675119-4595-4569-A8A4-15BF9068E685}.Ad-Hoc|ARM.Build.0 = Release|ARM
		{80675119-4595-4569-A8A4-15BF9068E685}.Ad-Hoc|ARM.Deploy.0 = Release|ARM
		{80675119-4595-4569-A8A4-15BF9068E685}.Ad-Hoc|iPhone.ActiveCfg = Release|x86
		{80675119-4595-4569-A8A4-15BF9068E685}.Ad-Hoc|iPhone.Build.0 = Release|x86
		{80675119-4595-4569-A8A4-15BF9068E685}.Ad-Hoc|iPhone.Deploy.0 = Release|x86
		{80675119-4595-4569-A8A4-15BF9068E685}.Ad-Hoc|iPhoneSimulator.ActiveCfg = Release|x86
		{80675119-4595-4569-A8A4-15BF9068E685}.Ad-Hoc|iPhoneSimulator.Build.0 = Release|x86
		{80675119-4595-4569-A8A4-15BF9068E685}.Ad-Hoc|iPhoneSimulator.Deploy.0 = Release|x86
		{80675119-4595-4569-A8A4-15BF9068E685}.Ad-Hoc|x64.ActiveCfg = Release|x64
		{80675119-4595-4569-A8A4-15BF9068E685}.Ad-Hoc|x64.Build.0 = Release|x64
		{80675119-4595-4569-A8A4-15BF9068E685}.Ad-Hoc|x64.Deploy.0 = Release|x64
		{80675119-4595-4569-A8A4-15BF9068E685}.Ad-Hoc|x86.ActiveCfg = Release|x86
		{80675119-4595-4569-A8A4-15BF9068E685}.Ad-Hoc|x86.Build.0 = Release|x86
		{80675119-4595-4569-A8A4-15BF9068E685}.Ad-Hoc|x86.Deploy.0 = Release|x86
		{80675119-4595-4569-A8A4-15BF9068E685}.AppStore|Any CPU.ActiveCfg = Release|x86
		{80675119-4595-4569-A8A4-15BF9068E685}.AppStore|Any CPU.Build.0 = Release|x86
		{80675119-4595-4569-A8A4-15BF9068E685}.AppStore|Any CPU.Deploy.0 = Release|x86
		{80675119-4595-4569-A8A4-15BF9068E685}.AppStore|ARM.ActiveCfg = Release|ARM
		{80675119-4595-4569-A8A4-15BF9068E685}.AppStore|ARM.Build.0 = Release|ARM
		{80675119-4595-4569-A8A4-15BF9068E685}.AppStore|ARM.Deploy.0 = Release|ARM
		{80675119-4595-4569-A8A4-15BF9068E685}.AppStore|iPhone.ActiveCfg = Release|x86
		{80675119-4595-4569-A8A4-15BF9068E685}.AppStore|iPhone.Build.0 = Release|x86
		{80675119-4595-4569-A8A4-15BF9068E685}.AppStore|iPhone.Deploy.0 = Release|x86
		{80675119-4595-4569-A8A4-15BF9068E685}.AppStore|iPhoneSimulator.ActiveCfg = Release|x86
		{80675119-4595-4569-A8A4-15BF9068E685}.AppStore|iPhoneSimulator.Build.0 = Release|x86
		{80675119-4595-4569-A8A4-15BF9068E685}.AppStore|iPhoneSimulator.Deploy.0 = Release|x86
		{80675119-4595-4569-A8A4-15BF9068E685}.AppStore|x64.ActiveCfg = Release|x64
		{80675119-4595-4569-A8A4-15BF9068E685}.AppStore|x64.Build.0 = Release|x64
		{80675119-4595-4569-A8A4-15BF9068E685}.AppStore|x64.Deploy.0 = Release|x64
		{80675119-4595-4569-A8A4-15BF9068E685}.AppStore|x86.ActiveCfg = Release|x86
		{80675119-4595-4569-A8A4-15BF9068E685}.AppStore|x86.Build.0 = Release|x86
		{80675119-4595-4569-A8A4-15BF9068E685}.AppStore|x86.Deploy.0 = Release|x86
		{80675119-4595-4569-A8A4-15BF9068E685}.Debug|Any CPU.ActiveCfg = Debug|x86
		{80675119-4595-4569-A8A4-15BF9068E685}.Debug|ARM.ActiveCfg = Debug|ARM
		{80675119-4595-4569-A8A4-15BF9068E685}.Debug|ARM.Build.0 = Debug|ARM
		{80675119-4595-4569-A8A4-15BF9068E685}.Debug|ARM.Deploy.0 = Debug|ARM
		{80675119-4595-4569-A8A4-15BF9068E685}.Debug|iPhone.ActiveCfg = Debug|x86
		{80675119-4595-4569-A8A4-15BF9068E685}.Debug|iPhoneSimulator.ActiveCfg = Debug|x86
		{80675119-4595-4569-A8A4-15BF9068E685}.Debug|x64.ActiveCfg = Debug|x64
		{80675119-4595-4569-A8A4-15BF9068E685}.Debug|x64.Build.0 = Debug|x64
		{80675119-4595-4569-A8A4-15BF9068E685}.Debug|x64.Deploy.0 = Debug|x64
		{80675119-4595-4569-A8A4-15BF9068E685}.Debug|x86.ActiveCfg = Debug|x86
		{80675119-4595-4569-A8A4-15BF9068E685}.Debug|x86.Build.0 = Debug|x86
		{80675119-4595-4569-A8A4-15BF9068E685}.Debug|x86.Deploy.0 = Debug|x86
		{80675119-4595-4569-A8A4-15BF9068E685}.Release|Any CPU.ActiveCfg = Release|x86
		{80675119-4595-4569-A8A4-15BF9068E685}.Release|ARM.ActiveCfg = Release|ARM
		{80675119-4595-4569-A8A4-15BF9068E685}.Release|ARM.Build.0 = Release|ARM
		{80675119-4595-4569-A8A4-15BF9068E685}.Release|ARM.Deploy.0 = Release|ARM
		{80675119-4595-4569-A8A4-15BF9068E685}.Release|iPhone.ActiveCfg = Release|x86
		{80675119-4595-4569-A8A4-15BF9068E685}.Release|iPhoneSimulator.ActiveCfg = Release|x86
		{80675119-4595-4569-A8A4-15BF9068E685}.Release|x64.ActiveCfg = Release|x64
		{80675119-4595-4569-A8A4-15BF9068E685}.Release|x64.Build.0 = Release|x64
		{80675119-4595-4569-A8A4-15BF9068E685}.Release|x64.Deploy.0 = Release|x64
		{80675119-4595-4569-A8A4-15BF9068E685}.Release|x86.ActiveCfg = Release|x86
		{80675119-4595-4569-A8A4-15BF9068E685}.Release|x86.Build.0 = Release|x86
		{80675119-4595-4569-A8A4-15BF9068E685}.Release|x86.Deploy.0 = Release|x86
		{72C69D22-A370-4552-969D-BBC7B94D8CF5}.Ad-Hoc|Any CPU.ActiveCfg = Release|Any CPU
		{72C69D22-A370-4552-969D-BBC7B94D8CF5}.Ad-Hoc|Any CPU.Build.0 = Release|Any CPU
		{72C69D22-A370-4552-969D-BBC7B94D8CF5}.Ad-Hoc|ARM.ActiveCfg = Release|Any CPU
		{72C69D22-A370-4552-969D-BBC7B94D8CF5}.Ad-Hoc|ARM.Build.0 = Release|Any CPU
		{72C69D22-A370-4552-969D-BBC7B94D8CF5}.Ad-Hoc|iPhone.ActiveCfg = Release|Any CPU
		{72C69D22-A370-4552-969D-BBC7B94D8CF5}.Ad-Hoc|iPhone.Build.0 = Release|Any CPU
		{72C69D22-A370-4552-969D-BBC7B94D8CF5}.Ad-Hoc|iPhoneSimulator.ActiveCfg = Release|Any CPU
		{72C69D22-A370-4552-969D-BBC7B94D8CF5}.Ad-Hoc|iPhoneSimulator.Build.0 = Release|Any CPU
		{72C69D22-A370-4552-969D-BBC7B94D8CF5}.Ad-Hoc|x64.ActiveCfg = Release|Any CPU
		{72C69D22-A370-4552-969D-BBC7B94D8CF5}.Ad-Hoc|x64.Build.0 = Release|Any CPU
		{72C69D22-A370-4552-969D-BBC7B94D8CF5}.Ad-Hoc|x86.ActiveCfg = Release|Any CPU
		{72C69D22-A370-4552-969D-BBC7B94D8CF5}.Ad-Hoc|x86.Build.0 = Release|Any CPU
		{72C69D22-A370-4552-969D-BBC7B94D8CF5}.AppStore|Any CPU.ActiveCfg = Release|Any CPU
		{72C69D22-A370-4552-969D-BBC7B94D8CF5}.AppStore|Any CPU.Build.0 = Release|Any CPU
		{72C69D22-A370-4552-969D-BBC7B94D8CF5}.AppStore|ARM.ActiveCfg = Release|Any CPU
		{72C69D22-A370-4552-969D-BBC7B94D8CF5}.AppStore|ARM.Build.0 = Release|Any CPU
		{72C69D22-A370-4552-969D-BBC7B94D8CF5}.AppStore|iPhone.ActiveCfg = Release|Any CPU
		{72C69D22-A370-4552-969D-BBC7B94D8CF5}.AppStore|iPhone.Build.0 = Release|Any CPU
		{72C69D22-A370-4552-969D-BBC7B94D8CF5}.AppStore|iPhoneSimulator.ActiveCfg = Release|Any CPU
		{72C69D22-A370-4552-969D-BBC7B94D8CF5}.AppStore|iPhoneSimulator.Build.0 = Release|Any CPU
		{72C69D22-A370-4552-969D-BBC7B94D8CF5}.AppStore|x64.ActiveCfg = Release|Any CPU
		{72C69D22-A370-4552-969D-BBC7B94D8CF5}.AppStore|x64.Build.0 = Release|Any CPU
		{72C69D22-A370-4552-969D-BBC7B94D8CF5}.AppStore|x86.ActiveCfg = Release|Any CPU
		{72C69D22-A370-4552-969D-BBC7B94D8CF5}.AppStore|x86.Build.0 = Release|Any CPU
		{72C69D22-A370-4552-969D-BBC7B94D8CF5}.Debug|Any CPU.ActiveCfg = Debug|Any CPU
		{72C69D22-A370-4552-969D-BBC7B94D8CF5}.Debug|Any CPU.Build.0 = Debug|Any CPU
		{72C69D22-A370-4552-969D-BBC7B94D8CF5}.Debug|ARM.ActiveCfg = Debug|Any CPU
		{72C69D22-A370-4552-969D-BBC7B94D8CF5}.Debug|ARM.Build.0 = Debug|Any CPU
		{72C69D22-A370-4552-969D-BBC7B94D8CF5}.Debug|iPhone.ActiveCfg = Debug|Any CPU
		{72C69D22-A370-4552-969D-BBC7B94D8CF5}.Debug|iPhone.Build.0 = Debug|Any CPU
		{72C69D22-A370-4552-969D-BBC7B94D8CF5}.Debug|iPhoneSimulator.ActiveCfg = Debug|Any CPU
		{72C69D22-A370-4552-969D-BBC7B94D8CF5}.Debug|iPhoneSimulator.Build.0 = Debug|Any CPU
		{72C69D22-A370-4552-969D-BBC7B94D8CF5}.Debug|x64.ActiveCfg = Debug|Any CPU
		{72C69D22-A370-4552-969D-BBC7B94D8CF5}.Debug|x64.Build.0 = Debug|Any CPU
		{72C69D22-A370-4552-969D-BBC7B94D8CF5}.Debug|x86.ActiveCfg = Debug|Any CPU
		{72C69D22-A370-4552-969D-BBC7B94D8CF5}.Debug|x86.Build.0 = Debug|Any CPU
		{72C69D22-A370-4552-969D-BBC7B94D8CF5}.Release|Any CPU.ActiveCfg = Release|Any CPU
		{72C69D22-A370-4552-969D-BBC7B94D8CF5}.Release|Any CPU.Build.0 = Release|Any CPU
		{72C69D22-A370-4552-969D-BBC7B94D8CF5}.Release|ARM.ActiveCfg = Release|Any CPU
		{72C69D22-A370-4552-969D-BBC7B94D8CF5}.Release|ARM.Build.0 = Release|Any CPU
		{72C69D22-A370-4552-969D-BBC7B94D8CF5}.Release|iPhone.ActiveCfg = Release|Any CPU
		{72C69D22-A370-4552-969D-BBC7B94D8CF5}.Release|iPhone.Build.0 = Release|Any CPU
		{72C69D22-A370-4552-969D-BBC7B94D8CF5}.Release|iPhoneSimulator.ActiveCfg = Release|Any CPU
		{72C69D22-A370-4552-969D-BBC7B94D8CF5}.Release|iPhoneSimulator.Build.0 = Release|Any CPU
		{72C69D22-A370-4552-969D-BBC7B94D8CF5}.Release|x64.ActiveCfg = Release|Any CPU
		{72C69D22-A370-4552-969D-BBC7B94D8CF5}.Release|x64.Build.0 = Release|Any CPU
		{72C69D22-A370-4552-969D-BBC7B94D8CF5}.Release|x86.ActiveCfg = Release|Any CPU
		{72C69D22-A370-4552-969D-BBC7B94D8CF5}.Release|x86.Build.0 = Release|Any CPU
		{4ADC069D-1D63-485B-BA8C-DAF0CFBDC802}.Ad-Hoc|Any CPU.ActiveCfg = Release|Any CPU
		{4ADC069D-1D63-485B-BA8C-DAF0CFBDC802}.Ad-Hoc|Any CPU.Build.0 = Release|Any CPU
		{4ADC069D-1D63-485B-BA8C-DAF0CFBDC802}.Ad-Hoc|ARM.ActiveCfg = Release|Any CPU
		{4ADC069D-1D63-485B-BA8C-DAF0CFBDC802}.Ad-Hoc|ARM.Build.0 = Release|Any CPU
		{4ADC069D-1D63-485B-BA8C-DAF0CFBDC802}.Ad-Hoc|iPhone.ActiveCfg = Release|Any CPU
		{4ADC069D-1D63-485B-BA8C-DAF0CFBDC802}.Ad-Hoc|iPhone.Build.0 = Release|Any CPU
		{4ADC069D-1D63-485B-BA8C-DAF0CFBDC802}.Ad-Hoc|iPhoneSimulator.ActiveCfg = Release|Any CPU
		{4ADC069D-1D63-485B-BA8C-DAF0CFBDC802}.Ad-Hoc|iPhoneSimulator.Build.0 = Release|Any CPU
		{4ADC069D-1D63-485B-BA8C-DAF0CFBDC802}.Ad-Hoc|x64.ActiveCfg = Release|Any CPU
		{4ADC069D-1D63-485B-BA8C-DAF0CFBDC802}.Ad-Hoc|x64.Build.0 = Release|Any CPU
		{4ADC069D-1D63-485B-BA8C-DAF0CFBDC802}.Ad-Hoc|x86.ActiveCfg = Release|Any CPU
		{4ADC069D-1D63-485B-BA8C-DAF0CFBDC802}.Ad-Hoc|x86.Build.0 = Release|Any CPU
		{4ADC069D-1D63-485B-BA8C-DAF0CFBDC802}.AppStore|Any CPU.ActiveCfg = Release|Any CPU
		{4ADC069D-1D63-485B-BA8C-DAF0CFBDC802}.AppStore|Any CPU.Build.0 = Release|Any CPU
		{4ADC069D-1D63-485B-BA8C-DAF0CFBDC802}.AppStore|ARM.ActiveCfg = Release|Any CPU
		{4ADC069D-1D63-485B-BA8C-DAF0CFBDC802}.AppStore|ARM.Build.0 = Release|Any CPU
		{4ADC069D-1D63-485B-BA8C-DAF0CFBDC802}.AppStore|iPhone.ActiveCfg = Release|Any CPU
		{4ADC069D-1D63-485B-BA8C-DAF0CFBDC802}.AppStore|iPhone.Build.0 = Release|Any CPU
		{4ADC069D-1D63-485B-BA8C-DAF0CFBDC802}.AppStore|iPhoneSimulator.ActiveCfg = Release|Any CPU
		{4ADC069D-1D63-485B-BA8C-DAF0CFBDC802}.AppStore|iPhoneSimulator.Build.0 = Release|Any CPU
		{4ADC069D-1D63-485B-BA8C-DAF0CFBDC802}.AppStore|x64.ActiveCfg = Release|Any CPU
		{4ADC069D-1D63-485B-BA8C-DAF0CFBDC802}.AppStore|x64.Build.0 = Release|Any CPU
		{4ADC069D-1D63-485B-BA8C-DAF0CFBDC802}.AppStore|x86.ActiveCfg = Release|Any CPU
		{4ADC069D-1D63-485B-BA8C-DAF0CFBDC802}.AppStore|x86.Build.0 = Release|Any CPU
		{4ADC069D-1D63-485B-BA8C-DAF0CFBDC802}.Debug|Any CPU.ActiveCfg = Debug|Any CPU
		{4ADC069D-1D63-485B-BA8C-DAF0CFBDC802}.Debug|Any CPU.Build.0 = Debug|Any CPU
		{4ADC069D-1D63-485B-BA8C-DAF0CFBDC802}.Debug|ARM.ActiveCfg = Debug|Any CPU
		{4ADC069D-1D63-485B-BA8C-DAF0CFBDC802}.Debug|ARM.Build.0 = Debug|Any CPU
		{4ADC069D-1D63-485B-BA8C-DAF0CFBDC802}.Debug|iPhone.ActiveCfg = Debug|Any CPU
		{4ADC069D-1D63-485B-BA8C-DAF0CFBDC802}.Debug|iPhone.Build.0 = Debug|Any CPU
		{4ADC069D-1D63-485B-BA8C-DAF0CFBDC802}.Debug|iPhoneSimulator.ActiveCfg = Debug|Any CPU
		{4ADC069D-1D63-485B-BA8C-DAF0CFBDC802}.Debug|iPhoneSimulator.Build.0 = Debug|Any CPU
		{4ADC069D-1D63-485B-BA8C-DAF0CFBDC802}.Debug|x64.ActiveCfg = Debug|Any CPU
		{4ADC069D-1D63-485B-BA8C-DAF0CFBDC802}.Debug|x64.Build.0 = Debug|Any CPU
		{4ADC069D-1D63-485B-BA8C-DAF0CFBDC802}.Debug|x86.ActiveCfg = Debug|Any CPU
		{4ADC069D-1D63-485B-BA8C-DAF0CFBDC802}.Debug|x86.Build.0 = Debug|Any CPU
		{4ADC069D-1D63-485B-BA8C-DAF0CFBDC802}.Release|Any CPU.ActiveCfg = Release|Any CPU
		{4ADC069D-1D63-485B-BA8C-DAF0CFBDC802}.Release|Any CPU.Build.0 = Release|Any CPU
		{4ADC069D-1D63-485B-BA8C-DAF0CFBDC802}.Release|ARM.ActiveCfg = Release|Any CPU
		{4ADC069D-1D63-485B-BA8C-DAF0CFBDC802}.Release|ARM.Build.0 = Release|Any CPU
		{4ADC069D-1D63-485B-BA8C-DAF0CFBDC802}.Release|iPhone.ActiveCfg = Release|Any CPU
		{4ADC069D-1D63-485B-BA8C-DAF0CFBDC802}.Release|iPhone.Build.0 = Release|Any CPU
		{4ADC069D-1D63-485B-BA8C-DAF0CFBDC802}.Release|iPhoneSimulator.ActiveCfg = Release|Any CPU
		{4ADC069D-1D63-485B-BA8C-DAF0CFBDC802}.Release|iPhoneSimulator.Build.0 = Release|Any CPU
		{4ADC069D-1D63-485B-BA8C-DAF0CFBDC802}.Release|x64.ActiveCfg = Release|Any CPU
		{4ADC069D-1D63-485B-BA8C-DAF0CFBDC802}.Release|x64.Build.0 = Release|Any CPU
		{4ADC069D-1D63-485B-BA8C-DAF0CFBDC802}.Release|x86.ActiveCfg = Release|Any CPU
		{4ADC069D-1D63-485B-BA8C-DAF0CFBDC802}.Release|x86.Build.0 = Release|Any CPU
		{875581A4-3F08-4FBC-B6D2-0B87FD9D6638}.Ad-Hoc|Any CPU.ActiveCfg = Release|Any CPU
		{875581A4-3F08-4FBC-B6D2-0B87FD9D6638}.Ad-Hoc|Any CPU.Build.0 = Release|Any CPU
		{875581A4-3F08-4FBC-B6D2-0B87FD9D6638}.Ad-Hoc|ARM.ActiveCfg = Release|Any CPU
		{875581A4-3F08-4FBC-B6D2-0B87FD9D6638}.Ad-Hoc|ARM.Build.0 = Release|Any CPU
		{875581A4-3F08-4FBC-B6D2-0B87FD9D6638}.Ad-Hoc|iPhone.ActiveCfg = Release|Any CPU
		{875581A4-3F08-4FBC-B6D2-0B87FD9D6638}.Ad-Hoc|iPhone.Build.0 = Release|Any CPU
		{875581A4-3F08-4FBC-B6D2-0B87FD9D6638}.Ad-Hoc|iPhoneSimulator.ActiveCfg = Release|Any CPU
		{875581A4-3F08-4FBC-B6D2-0B87FD9D6638}.Ad-Hoc|iPhoneSimulator.Build.0 = Release|Any CPU
		{875581A4-3F08-4FBC-B6D2-0B87FD9D6638}.Ad-Hoc|x64.ActiveCfg = Release|Any CPU
		{875581A4-3F08-4FBC-B6D2-0B87FD9D6638}.Ad-Hoc|x64.Build.0 = Release|Any CPU
		{875581A4-3F08-4FBC-B6D2-0B87FD9D6638}.Ad-Hoc|x86.ActiveCfg = Release|Any CPU
		{875581A4-3F08-4FBC-B6D2-0B87FD9D6638}.Ad-Hoc|x86.Build.0 = Release|Any CPU
		{875581A4-3F08-4FBC-B6D2-0B87FD9D6638}.AppStore|Any CPU.ActiveCfg = Release|Any CPU
		{875581A4-3F08-4FBC-B6D2-0B87FD9D6638}.AppStore|Any CPU.Build.0 = Release|Any CPU
		{875581A4-3F08-4FBC-B6D2-0B87FD9D6638}.AppStore|ARM.ActiveCfg = Release|Any CPU
		{875581A4-3F08-4FBC-B6D2-0B87FD9D6638}.AppStore|ARM.Build.0 = Release|Any CPU
		{875581A4-3F08-4FBC-B6D2-0B87FD9D6638}.AppStore|iPhone.ActiveCfg = Release|Any CPU
		{875581A4-3F08-4FBC-B6D2-0B87FD9D6638}.AppStore|iPhone.Build.0 = Release|Any CPU
		{875581A4-3F08-4FBC-B6D2-0B87FD9D6638}.AppStore|iPhoneSimulator.ActiveCfg = Release|Any CPU
		{875581A4-3F08-4FBC-B6D2-0B87FD9D6638}.AppStore|iPhoneSimulator.Build.0 = Release|Any CPU
		{875581A4-3F08-4FBC-B6D2-0B87FD9D6638}.AppStore|x64.ActiveCfg = Release|Any CPU
		{875581A4-3F08-4FBC-B6D2-0B87FD9D6638}.AppStore|x64.Build.0 = Release|Any CPU
		{875581A4-3F08-4FBC-B6D2-0B87FD9D6638}.AppStore|x86.ActiveCfg = Release|Any CPU
		{875581A4-3F08-4FBC-B6D2-0B87FD9D6638}.AppStore|x86.Build.0 = Release|Any CPU
		{875581A4-3F08-4FBC-B6D2-0B87FD9D6638}.Debug|Any CPU.ActiveCfg = Debug|Any CPU
		{875581A4-3F08-4FBC-B6D2-0B87FD9D6638}.Debug|Any CPU.Build.0 = Debug|Any CPU
		{875581A4-3F08-4FBC-B6D2-0B87FD9D6638}.Debug|Any CPU.Deploy.0 = Debug|Any CPU
		{875581A4-3F08-4FBC-B6D2-0B87FD9D6638}.Debug|ARM.ActiveCfg = Debug|Any CPU
		{875581A4-3F08-4FBC-B6D2-0B87FD9D6638}.Debug|ARM.Build.0 = Debug|Any CPU
		{875581A4-3F08-4FBC-B6D2-0B87FD9D6638}.Debug|iPhone.ActiveCfg = Debug|Any CPU
		{875581A4-3F08-4FBC-B6D2-0B87FD9D6638}.Debug|iPhone.Build.0 = Debug|Any CPU
		{875581A4-3F08-4FBC-B6D2-0B87FD9D6638}.Debug|iPhoneSimulator.ActiveCfg = Debug|Any CPU
		{875581A4-3F08-4FBC-B6D2-0B87FD9D6638}.Debug|iPhoneSimulator.Build.0 = Debug|Any CPU
		{875581A4-3F08-4FBC-B6D2-0B87FD9D6638}.Debug|x64.ActiveCfg = Debug|Any CPU
		{875581A4-3F08-4FBC-B6D2-0B87FD9D6638}.Debug|x64.Build.0 = Debug|Any CPU
		{875581A4-3F08-4FBC-B6D2-0B87FD9D6638}.Debug|x86.ActiveCfg = Debug|Any CPU
		{875581A4-3F08-4FBC-B6D2-0B87FD9D6638}.Debug|x86.Build.0 = Debug|Any CPU
		{875581A4-3F08-4FBC-B6D2-0B87FD9D6638}.Release|Any CPU.ActiveCfg = Release|Any CPU
		{875581A4-3F08-4FBC-B6D2-0B87FD9D6638}.Release|Any CPU.Build.0 = Release|Any CPU
		{875581A4-3F08-4FBC-B6D2-0B87FD9D6638}.Release|Any CPU.Deploy.0 = Release|Any CPU
		{875581A4-3F08-4FBC-B6D2-0B87FD9D6638}.Release|ARM.ActiveCfg = Release|Any CPU
		{875581A4-3F08-4FBC-B6D2-0B87FD9D6638}.Release|ARM.Build.0 = Release|Any CPU
		{875581A4-3F08-4FBC-B6D2-0B87FD9D6638}.Release|iPhone.ActiveCfg = Release|Any CPU
		{875581A4-3F08-4FBC-B6D2-0B87FD9D6638}.Release|iPhone.Build.0 = Release|Any CPU
		{875581A4-3F08-4FBC-B6D2-0B87FD9D6638}.Release|iPhoneSimulator.ActiveCfg = Release|Any CPU
		{875581A4-3F08-4FBC-B6D2-0B87FD9D6638}.Release|iPhoneSimulator.Build.0 = Release|Any CPU
		{875581A4-3F08-4FBC-B6D2-0B87FD9D6638}.Release|x64.ActiveCfg = Release|Any CPU
		{875581A4-3F08-4FBC-B6D2-0B87FD9D6638}.Release|x64.Build.0 = Release|Any CPU
		{875581A4-3F08-4FBC-B6D2-0B87FD9D6638}.Release|x86.ActiveCfg = Release|Any CPU
		{875581A4-3F08-4FBC-B6D2-0B87FD9D6638}.Release|x86.Build.0 = Release|Any CPU
		{D3E6EE0D-A1BD-4DE9-B2C6-A4E5385F099A}.Ad-Hoc|Any CPU.ActiveCfg = Release|Any CPU
		{D3E6EE0D-A1BD-4DE9-B2C6-A4E5385F099A}.Ad-Hoc|Any CPU.Build.0 = Release|Any CPU
		{D3E6EE0D-A1BD-4DE9-B2C6-A4E5385F099A}.Ad-Hoc|ARM.ActiveCfg = Release|Any CPU
		{D3E6EE0D-A1BD-4DE9-B2C6-A4E5385F099A}.Ad-Hoc|ARM.Build.0 = Release|Any CPU
		{D3E6EE0D-A1BD-4DE9-B2C6-A4E5385F099A}.Ad-Hoc|iPhone.ActiveCfg = Release|Any CPU
		{D3E6EE0D-A1BD-4DE9-B2C6-A4E5385F099A}.Ad-Hoc|iPhone.Build.0 = Release|Any CPU
		{D3E6EE0D-A1BD-4DE9-B2C6-A4E5385F099A}.Ad-Hoc|iPhoneSimulator.ActiveCfg = Release|Any CPU
		{D3E6EE0D-A1BD-4DE9-B2C6-A4E5385F099A}.Ad-Hoc|iPhoneSimulator.Build.0 = Release|Any CPU
		{D3E6EE0D-A1BD-4DE9-B2C6-A4E5385F099A}.Ad-Hoc|x64.ActiveCfg = Release|Any CPU
		{D3E6EE0D-A1BD-4DE9-B2C6-A4E5385F099A}.Ad-Hoc|x64.Build.0 = Release|Any CPU
		{D3E6EE0D-A1BD-4DE9-B2C6-A4E5385F099A}.Ad-Hoc|x86.ActiveCfg = Release|Any CPU
		{D3E6EE0D-A1BD-4DE9-B2C6-A4E5385F099A}.Ad-Hoc|x86.Build.0 = Release|Any CPU
		{D3E6EE0D-A1BD-4DE9-B2C6-A4E5385F099A}.AppStore|Any CPU.ActiveCfg = Release|Any CPU
		{D3E6EE0D-A1BD-4DE9-B2C6-A4E5385F099A}.AppStore|Any CPU.Build.0 = Release|Any CPU
		{D3E6EE0D-A1BD-4DE9-B2C6-A4E5385F099A}.AppStore|ARM.ActiveCfg = Release|Any CPU
		{D3E6EE0D-A1BD-4DE9-B2C6-A4E5385F099A}.AppStore|ARM.Build.0 = Release|Any CPU
		{D3E6EE0D-A1BD-4DE9-B2C6-A4E5385F099A}.AppStore|iPhone.ActiveCfg = Release|Any CPU
		{D3E6EE0D-A1BD-4DE9-B2C6-A4E5385F099A}.AppStore|iPhone.Build.0 = Release|Any CPU
		{D3E6EE0D-A1BD-4DE9-B2C6-A4E5385F099A}.AppStore|iPhoneSimulator.ActiveCfg = Release|Any CPU
		{D3E6EE0D-A1BD-4DE9-B2C6-A4E5385F099A}.AppStore|iPhoneSimulator.Build.0 = Release|Any CPU
		{D3E6EE0D-A1BD-4DE9-B2C6-A4E5385F099A}.AppStore|x64.ActiveCfg = Release|Any CPU
		{D3E6EE0D-A1BD-4DE9-B2C6-A4E5385F099A}.AppStore|x64.Build.0 = Release|Any CPU
		{D3E6EE0D-A1BD-4DE9-B2C6-A4E5385F099A}.AppStore|x86.ActiveCfg = Release|Any CPU
		{D3E6EE0D-A1BD-4DE9-B2C6-A4E5385F099A}.AppStore|x86.Build.0 = Release|Any CPU
		{D3E6EE0D-A1BD-4DE9-B2C6-A4E5385F099A}.Debug|Any CPU.ActiveCfg = Debug|Any CPU
		{D3E6EE0D-A1BD-4DE9-B2C6-A4E5385F099A}.Debug|Any CPU.Build.0 = Debug|Any CPU
		{D3E6EE0D-A1BD-4DE9-B2C6-A4E5385F099A}.Debug|ARM.ActiveCfg = Debug|Any CPU
		{D3E6EE0D-A1BD-4DE9-B2C6-A4E5385F099A}.Debug|ARM.Build.0 = Debug|Any CPU
		{D3E6EE0D-A1BD-4DE9-B2C6-A4E5385F099A}.Debug|iPhone.ActiveCfg = Debug|Any CPU
		{D3E6EE0D-A1BD-4DE9-B2C6-A4E5385F099A}.Debug|iPhone.Build.0 = Debug|Any CPU
		{D3E6EE0D-A1BD-4DE9-B2C6-A4E5385F099A}.Debug|iPhoneSimulator.ActiveCfg = Debug|Any CPU
		{D3E6EE0D-A1BD-4DE9-B2C6-A4E5385F099A}.Debug|iPhoneSimulator.Build.0 = Debug|Any CPU
		{D3E6EE0D-A1BD-4DE9-B2C6-A4E5385F099A}.Debug|x64.ActiveCfg = Debug|Any CPU
		{D3E6EE0D-A1BD-4DE9-B2C6-A4E5385F099A}.Debug|x64.Build.0 = Debug|Any CPU
		{D3E6EE0D-A1BD-4DE9-B2C6-A4E5385F099A}.Debug|x86.ActiveCfg = Debug|Any CPU
		{D3E6EE0D-A1BD-4DE9-B2C6-A4E5385F099A}.Debug|x86.Build.0 = Debug|Any CPU
		{D3E6EE0D-A1BD-4DE9-B2C6-A4E5385F099A}.Release|Any CPU.ActiveCfg = Release|Any CPU
		{D3E6EE0D-A1BD-4DE9-B2C6-A4E5385F099A}.Release|Any CPU.Build.0 = Release|Any CPU
		{D3E6EE0D-A1BD-4DE9-B2C6-A4E5385F099A}.Release|ARM.ActiveCfg = Release|Any CPU
		{D3E6EE0D-A1BD-4DE9-B2C6-A4E5385F099A}.Release|ARM.Build.0 = Release|Any CPU
		{D3E6EE0D-A1BD-4DE9-B2C6-A4E5385F099A}.Release|iPhone.ActiveCfg = Release|Any CPU
		{D3E6EE0D-A1BD-4DE9-B2C6-A4E5385F099A}.Release|iPhone.Build.0 = Release|Any CPU
		{D3E6EE0D-A1BD-4DE9-B2C6-A4E5385F099A}.Release|iPhoneSimulator.ActiveCfg = Release|Any CPU
		{D3E6EE0D-A1BD-4DE9-B2C6-A4E5385F099A}.Release|iPhoneSimulator.Build.0 = Release|Any CPU
		{D3E6EE0D-A1BD-4DE9-B2C6-A4E5385F099A}.Release|x64.ActiveCfg = Release|Any CPU
		{D3E6EE0D-A1BD-4DE9-B2C6-A4E5385F099A}.Release|x64.Build.0 = Release|Any CPU
		{D3E6EE0D-A1BD-4DE9-B2C6-A4E5385F099A}.Release|x86.ActiveCfg = Release|Any CPU
		{D3E6EE0D-A1BD-4DE9-B2C6-A4E5385F099A}.Release|x86.Build.0 = Release|Any CPU
		{76DE8850-A600-4E70-AD63-614C1A4244E6}.Ad-Hoc|Any CPU.ActiveCfg = Release|x64
		{76DE8850-A600-4E70-AD63-614C1A4244E6}.Ad-Hoc|Any CPU.Build.0 = Release|x64
		{76DE8850-A600-4E70-AD63-614C1A4244E6}.Ad-Hoc|Any CPU.Deploy.0 = Release|x64
		{76DE8850-A600-4E70-AD63-614C1A4244E6}.Ad-Hoc|ARM.ActiveCfg = Release|ARM
		{76DE8850-A600-4E70-AD63-614C1A4244E6}.Ad-Hoc|ARM.Build.0 = Release|ARM
		{76DE8850-A600-4E70-AD63-614C1A4244E6}.Ad-Hoc|ARM.Deploy.0 = Release|ARM
		{76DE8850-A600-4E70-AD63-614C1A4244E6}.Ad-Hoc|ARM64.ActiveCfg = Release|ARM64
		{76DE8850-A600-4E70-AD63-614C1A4244E6}.Ad-Hoc|ARM64.Build.0 = Release|ARM64
		{76DE8850-A600-4E70-AD63-614C1A4244E6}.Ad-Hoc|ARM64.Deploy.0 = Release|ARM64
		{76DE8850-A600-4E70-AD63-614C1A4244E6}.Ad-Hoc|iPhone.ActiveCfg = Release|x64
		{76DE8850-A600-4E70-AD63-614C1A4244E6}.Ad-Hoc|iPhone.Build.0 = Release|x64
		{76DE8850-A600-4E70-AD63-614C1A4244E6}.Ad-Hoc|iPhone.Deploy.0 = Release|x64
		{76DE8850-A600-4E70-AD63-614C1A4244E6}.Ad-Hoc|iPhoneSimulator.ActiveCfg = Release|x64
		{76DE8850-A600-4E70-AD63-614C1A4244E6}.Ad-Hoc|iPhoneSimulator.Build.0 = Release|x64
		{76DE8850-A600-4E70-AD63-614C1A4244E6}.Ad-Hoc|iPhoneSimulator.Deploy.0 = Release|x64
		{76DE8850-A600-4E70-AD63-614C1A4244E6}.Ad-Hoc|x64.ActiveCfg = Release|x64
		{76DE8850-A600-4E70-AD63-614C1A4244E6}.Ad-Hoc|x64.Build.0 = Release|x64
		{76DE8850-A600-4E70-AD63-614C1A4244E6}.Ad-Hoc|x64.Deploy.0 = Release|x64
		{76DE8850-A600-4E70-AD63-614C1A4244E6}.Ad-Hoc|x86.ActiveCfg = Release|x86
		{76DE8850-A600-4E70-AD63-614C1A4244E6}.Ad-Hoc|x86.Build.0 = Release|x86
		{76DE8850-A600-4E70-AD63-614C1A4244E6}.Ad-Hoc|x86.Deploy.0 = Release|x86
		{76DE8850-A600-4E70-AD63-614C1A4244E6}.AppStore|Any CPU.ActiveCfg = Release|x64
		{76DE8850-A600-4E70-AD63-614C1A4244E6}.AppStore|Any CPU.Build.0 = Release|x64
		{76DE8850-A600-4E70-AD63-614C1A4244E6}.AppStore|Any CPU.Deploy.0 = Release|x64
		{76DE8850-A600-4E70-AD63-614C1A4244E6}.AppStore|ARM.ActiveCfg = Release|ARM
		{76DE8850-A600-4E70-AD63-614C1A4244E6}.AppStore|ARM.Build.0 = Release|ARM
		{76DE8850-A600-4E70-AD63-614C1A4244E6}.AppStore|ARM.Deploy.0 = Release|ARM
		{76DE8850-A600-4E70-AD63-614C1A4244E6}.AppStore|ARM64.ActiveCfg = Release|ARM64
		{76DE8850-A600-4E70-AD63-614C1A4244E6}.AppStore|ARM64.Build.0 = Release|ARM64
		{76DE8850-A600-4E70-AD63-614C1A4244E6}.AppStore|ARM64.Deploy.0 = Release|ARM64
		{76DE8850-A600-4E70-AD63-614C1A4244E6}.AppStore|iPhone.ActiveCfg = Release|x64
		{76DE8850-A600-4E70-AD63-614C1A4244E6}.AppStore|iPhone.Build.0 = Release|x64
		{76DE8850-A600-4E70-AD63-614C1A4244E6}.AppStore|iPhone.Deploy.0 = Release|x64
		{76DE8850-A600-4E70-AD63-614C1A4244E6}.AppStore|iPhoneSimulator.ActiveCfg = Release|x64
		{76DE8850-A600-4E70-AD63-614C1A4244E6}.AppStore|iPhoneSimulator.Build.0 = Release|x64
		{76DE8850-A600-4E70-AD63-614C1A4244E6}.AppStore|iPhoneSimulator.Deploy.0 = Release|x64
		{76DE8850-A600-4E70-AD63-614C1A4244E6}.AppStore|x64.ActiveCfg = Release|x64
		{76DE8850-A600-4E70-AD63-614C1A4244E6}.AppStore|x64.Build.0 = Release|x64
		{76DE8850-A600-4E70-AD63-614C1A4244E6}.AppStore|x64.Deploy.0 = Release|x64
		{76DE8850-A600-4E70-AD63-614C1A4244E6}.AppStore|x86.ActiveCfg = Release|x86
		{76DE8850-A600-4E70-AD63-614C1A4244E6}.AppStore|x86.Build.0 = Release|x86
		{76DE8850-A600-4E70-AD63-614C1A4244E6}.AppStore|x86.Deploy.0 = Release|x86
		{76DE8850-A600-4E70-AD63-614C1A4244E6}.Debug|Any CPU.ActiveCfg = Debug|x86
		{76DE8850-A600-4E70-AD63-614C1A4244E6}.Debug|ARM.ActiveCfg = Debug|ARM
		{76DE8850-A600-4E70-AD63-614C1A4244E6}.Debug|ARM.Build.0 = Debug|ARM
		{76DE8850-A600-4E70-AD63-614C1A4244E6}.Debug|ARM.Deploy.0 = Debug|ARM
		{76DE8850-A600-4E70-AD63-614C1A4244E6}.Debug|ARM64.ActiveCfg = Debug|ARM64
		{76DE8850-A600-4E70-AD63-614C1A4244E6}.Debug|ARM64.Build.0 = Debug|ARM64
		{76DE8850-A600-4E70-AD63-614C1A4244E6}.Debug|ARM64.Deploy.0 = Debug|ARM64
		{76DE8850-A600-4E70-AD63-614C1A4244E6}.Debug|iPhone.ActiveCfg = Debug|x86
		{76DE8850-A600-4E70-AD63-614C1A4244E6}.Debug|iPhoneSimulator.ActiveCfg = Debug|x86
		{76DE8850-A600-4E70-AD63-614C1A4244E6}.Debug|x64.ActiveCfg = Debug|x64
		{76DE8850-A600-4E70-AD63-614C1A4244E6}.Debug|x64.Build.0 = Debug|x64
		{76DE8850-A600-4E70-AD63-614C1A4244E6}.Debug|x64.Deploy.0 = Debug|x64
		{76DE8850-A600-4E70-AD63-614C1A4244E6}.Debug|x86.ActiveCfg = Debug|x86
		{76DE8850-A600-4E70-AD63-614C1A4244E6}.Debug|x86.Build.0 = Debug|x86
		{76DE8850-A600-4E70-AD63-614C1A4244E6}.Debug|x86.Deploy.0 = Debug|x86
		{76DE8850-A600-4E70-AD63-614C1A4244E6}.Release|Any CPU.ActiveCfg = Release|x86
		{76DE8850-A600-4E70-AD63-614C1A4244E6}.Release|ARM.ActiveCfg = Release|ARM
		{76DE8850-A600-4E70-AD63-614C1A4244E6}.Release|ARM.Build.0 = Release|ARM
		{76DE8850-A600-4E70-AD63-614C1A4244E6}.Release|ARM.Deploy.0 = Release|ARM
		{76DE8850-A600-4E70-AD63-614C1A4244E6}.Release|ARM64.ActiveCfg = Release|ARM64
		{76DE8850-A600-4E70-AD63-614C1A4244E6}.Release|ARM64.Build.0 = Release|ARM64
		{76DE8850-A600-4E70-AD63-614C1A4244E6}.Release|ARM64.Deploy.0 = Release|ARM64
		{76DE8850-A600-4E70-AD63-614C1A4244E6}.Release|iPhone.ActiveCfg = Release|x86
		{76DE8850-A600-4E70-AD63-614C1A4244E6}.Release|iPhoneSimulator.ActiveCfg = Release|x86
		{76DE8850-A600-4E70-AD63-614C1A4244E6}.Release|x64.ActiveCfg = Release|x64
		{76DE8850-A600-4E70-AD63-614C1A4244E6}.Release|x64.Build.0 = Release|x64
		{76DE8850-A600-4E70-AD63-614C1A4244E6}.Release|x64.Deploy.0 = Release|x64
		{76DE8850-A600-4E70-AD63-614C1A4244E6}.Release|x86.ActiveCfg = Release|x86
		{76DE8850-A600-4E70-AD63-614C1A4244E6}.Release|x86.Build.0 = Release|x86
		{76DE8850-A600-4E70-AD63-614C1A4244E6}.Release|x86.Deploy.0 = Release|x86
	EndGlobalSection
	GlobalSection(SolutionProperties) = preSolution
		HideSolutionNode = FALSE
	EndGlobalSection
	GlobalSection(ExtensibilityGlobals) = postSolution
		SolutionGuid = {F6D05029-56B8-4E45-AF2D-0E76295DDBA2}
	EndGlobalSection
EndGlobal
